{
  "requires": true,
  "lockfileVersion": 1,
  "dependencies": {
    "pnotify": {
      "version": "4.0.0",
      "resolved": "https://registry.npmjs.org/pnotify/-/pnotify-4.0.0.tgz",
      "integrity": "sha512-Fs3xlxmnlgXjUdM3xFfImfkLh5RmTgfRyPS5yT43w0OIrVULbGu1g3mpiH9H2nlAZ5dFEJRqh43sQXl/mVW6yA=="
    }
  }
}
